
Microsoft Visual Studio Solution File, Format Version 12.00
# Visual Studio Version 17
VisualStudioVersion = 17.5.33516.290
MinimumVisualStudioVersion = 10.0.40219.1
Project("{FAE04EC0-301F-11D3-BF4B-00C04F79EFBC}") = "DepremProje", "DepremProje\DepremProje.csproj", "{AFCCC990-9239-48B2-B4C8-ACCE166FEF88}"
EndProject
Global
	GlobalSection(SolutionConfigurationPlatforms) = preSolution
		Debug|Any CPU = Debug|Any CPU
		Release|Any CPU = Release|Any CPU
	EndGlobalSection
	GlobalSection(ProjectConfigurationPlatforms) = postSolution
		{AFCCC990-9239-48B2-B4C8-ACCE166FEF88}.Debug|Any CPU.ActiveCfg = Debug|Any CPU
		{AFCCC990-9239-48B2-B4C8-ACCE166FEF88}.Debug|Any CPU.Build.0 = Debug|Any CPU
		{AFCCC990-9239-48B2-B4C8-ACCE166FEF88}.Release|Any CPU.ActiveCfg = Release|Any CPU
		{AFCCC990-9239-48B2-B4C8-ACCE166FEF88}.Release|Any CPU.Build.0 = Release|Any CPU
	EndGlobalSection
	GlobalSection(SolutionProperties) = preSolution
		HideSolutionNode = FALSE
	EndGlobalSection
	GlobalSection(ExtensibilityGlobals) = postSolution
		SolutionGuid = {19B9EB13-F18C-4A72-971D-856D24DA9D74}
	EndGlobalSection
EndGlobal
